
Microsoft Visual Studio Solution File, Format Version 12.00
# Visual Studio 15
VisualStudioVersion = 15.0.27428.2015
MinimumVisualStudioVersion = 10.0.40219.1
Project("{8BC9CEB8-8B4A-11D0-8D11-00A0C91BC942}") = "token-generator-cpp", "token-generator-cpp.vcxproj", "{792C6192-59AB-48EB-87A4-31470AE24555}"
EndProject
Global
	GlobalSection(SolutionConfigurationPlatforms) = preSolution
		Debug|x64 = Debug|x64
		Debug|x86 = Debug|x86
		Release|x64 = Release|x64
		Release|x86 = Release|x86
	EndGlobalSection
	GlobalSection(ProjectConfigurationPlatforms) = postSolution
		{792C6192-59AB-48EB-87A4-31470AE24555}.Debug|x64.ActiveCfg = Debug|x64
		{792C6192-59AB-48EB-87A4-31470AE24555}.Debug|x64.Build.0 = Debug|x64
		{792C6192-59AB-48EB-87A4-31470AE24555}.Debug|x86.ActiveCfg = Debug|Win32
		{792C6192-59AB-48EB-87A4-31470AE24555}.Debug|x86.Build.0 = Debug|Win32
		{792C6192-59AB-48EB-87A4-31470AE24555}.Release|x64.ActiveCfg = Release|x64
		{792C6192-59AB-48EB-87A4-31470AE24555}.Release|x64.Build.0 = Release|x64
		{792C6192-59AB-48EB-87A4-31470AE24555}.Release|x86.ActiveCfg = Release|Win32
		{792C6192-59AB-48EB-87A4-31470AE24555}.Release|x86.Build.0 = Release|Win32
	EndGlobalSection
	GlobalSection(SolutionProperties) = preSolution
		HideSolutionNode = FALSE
	EndGlobalSection
	GlobalSection(ExtensibilityGlobals) = postSolution
		SolutionGuid = {02E78E8B-D95F-4E89-B0C1-A9C8FD4C17D7}
	EndGlobalSection
EndGlobal
